
Microsoft Visual Studio Solution File, Format Version 12.00
# Visual Studio Version 17
VisualStudioVersion = 17.5.002.0
MinimumVisualStudioVersion = 10.0.40219.1
Project("{9A19103F-16F7-4668-BE54-9A1E7A4F7556}") = "Bulky.DataAccess", "Bulky.DataAccess.csproj", "{0C5209A8-3AB3-4210-B334-9412E1DECDEE}"
EndProject
Global
	GlobalSection(SolutionConfigurationPlatforms) = preSolution
		Debug|Any CPU = Debug|Any CPU
		Release|Any CPU = Release|Any CPU
	EndGlobalSection
	GlobalSection(ProjectConfigurationPlatforms) = postSolution
		{0C5209A8-3AB3-4210-B334-9412E1DECDEE}.Debug|Any CPU.ActiveCfg = Debug|Any CPU
		{0C5209A8-3AB3-4210-B334-9412E1DECDEE}.Debug|Any CPU.Build.0 = Debug|Any CPU
		{0C5209A8-3AB3-4210-B334-9412E1DECDEE}.Release|Any CPU.ActiveCfg = Release|Any CPU
		{0C5209A8-3AB3-4210-B334-9412E1DECDEE}.Release|Any CPU.Build.0 = Release|Any CPU
	EndGlobalSection
	GlobalSection(SolutionProperties) = preSolution
		HideSolutionNode = FALSE
	EndGlobalSection
	GlobalSection(ExtensibilityGlobals) = postSolution
		SolutionGuid = {030554DE-7C8A-4F89-B03D-0DC2EDB644A8}
	EndGlobalSection
EndGlobal
